// !$*UTF8*$!
{
	archiveVersion = 1;
	classes = {
	};
	objectVersion = 50;
	objects = {

/* Begin PBXBuildFile section */
		3E005472253FE7E5007CD83A /* ArticleTableViewCell.swift in Sources */ = {isa = PBXBuildFile; fileRef = 3E005471253FE7E5007CD83A /* ArticleTableViewCell.swift */; };
		3E4BE81F253EB77A00B9B103 /* Webservice.swift in Sources */ = {isa = PBXBuildFile; fileRef = 3E4BE81E253EB77A00B9B103 /* Webservice.swift */; };
		3E4BE822253ECB1E00B9B103 /* Article.swift in Sources */ = {isa = PBXBuildFile; fileRef = 3E4BE821253ECB1E00B9B103 /* Article.swift */; };
		3EB7FFE5253DB80C00986DF8 /* AppDelegate.swift in Sources */ = {isa = PBXBuildFile; fileRef = 3EB7FFE4253DB80C00986DF8 /* AppDelegate.swift */; };
		3EB7FFE7253DB80C00986DF8 /* SceneDelegate.swift in Sources */ = {isa = PBXBuildFile; fileRef = 3EB7FFE6253DB80C00986DF8 /* SceneDelegate.swift */; };
		3EB7FFEC253DB80C00986DF8 /* Main.storyboard in Resources */ = {isa = PBXBuildFile; fileRef = 3EB7FFEA253DB80C00986DF8 /* Main.storyboard */; };
		3EB7FFEE253DB80F00986DF8 /* Assets.xcassets in Resources */ = {isa = PBXBuildFile; fileRef = 3EB7FFED253DB80F00986DF8 /* Assets.xcassets */; };
		3EB7FFF1253DB80F00986DF8 /* LaunchScreen.storyboard in Resources */ = {isa = PBXBuildFile; fileRef = 3EB7FFEF253DB80F00986DF8 /* LaunchScreen.storyboard */; };
		3EB7FFFA253DB8BB00986DF8 /* NewsListTableViewController.swift in Sources */ = {isa = PBXBuildFile; fileRef = 3EB7FFF9253DB8BB00986DF8 /* NewsListTableViewController.swift */; };
		3ED4F88B253F075C00B498F7 /* ArticleViewModel.swift in Sources */ = {isa = PBXBuildFile; fileRef = 3ED4F88A253F075C00B498F7 /* ArticleViewModel.swift */; };
/* End PBXBuildFile section */

/* Begin PBXFileReference section */
		3E005471253FE7E5007CD83A /* ArticleTableViewCell.swift */ = {isa = PBXFileReference; lastKnownFileType = sourcecode.swift; path = ArticleTableViewCell.swift; sourceTree = "<group>"; };
		3E4BE81E253EB77A00B9B103 /* Webservice.swift */ = {isa = PBXFileReference; lastKnownFileType = sourcecode.swift; path = Webservice.swift; sourceTree = "<group>"; };
		3E4BE821253ECB1E00B9B103 /* Article.swift */ = {isa = PBXFileReference; lastKnownFileType = sourcecode.swift; path = Article.swift; sourceTree = "<group>"; };
		3EB7FFE1253DB80C00986DF8 /* GoodNews.app */ = {isa = PBXFileReference; explicitFileType = wrapper.application; includeInIndex = 0; path = GoodNews.app; sourceTree = BUILT_PRODUCTS_DIR; };
		3EB7FFE4253DB80C00986DF8 /* AppDelegate.swift */ = {isa = PBXFileReference; lastKnownFileType = sourcecode.swift; path = AppDelegate.swift; sourceTree = "<group>"; };
		3EB7FFE6253DB80C00986DF8 /* SceneDelegate.swift */ = {isa = PBXFileReference; lastKnownFileType = sourcecode.swift; path = SceneDelegate.swift; sourceTree = "<group>"; };
		3EB7FFEB253DB80C00986DF8 /* Base */ = {isa = PBXFileReference; lastKnownFileType = file.storyboard; name = Base; path = Base.lproj/Main.storyboard; sourceTree = "<group>"; };
		3EB7FFED253DB80F00986DF8 /* Assets.xcassets */ = {isa = PBXFileReference; lastKnownFileType = folder.assetcatalog; path = Assets.xcassets; sourceTree = "<group>"; };
		3EB7FFF0253DB80F00986DF8 /* Base */ = {isa = PBXFileReference; lastKnownFileType = file.storyboard; name = Base; path = Base.lproj/LaunchScreen.storyboard; sourceTree = "<group>"; };
		3EB7FFF2253DB80F00986DF8 /* Info.plist */ = {isa = PBXFileReference; lastKnownFileType = text.plist.xml; path = Info.plist; sourceTree = "<group>"; };
		3EB7FFF9253DB8BB00986DF8 /* NewsListTableViewController.swift */ = {isa = PBXFileReference; lastKnownFileType = sourcecode.swift; path = NewsListTableViewController.swift; sourceTree = "<group>"; };
		3ED4F88A253F075C00B498F7 /* ArticleViewModel.swift */ = {isa = PBXFileReference; lastKnownFileType = sourcecode.swift; path = ArticleViewModel.swift; sourceTree = "<group>"; };
/* End PBXFileReference section */

/* Begin PBXFrameworksBuildPhase section */
		3EB7FFDE253DB80B00986DF8 /* Frameworks */ = {
			isa = PBXFrameworksBuildPhase;
			buildActionMask = 2147483647;
			files = (
			);
			runOnlyForDeploymentPostprocessing = 0;
		};
/* End PBXFrameworksBuildPhase section */

/* Begin PBXGroup section */
		3E005470253FE7A5007CD83A /* Cells */ = {
			isa = PBXGroup;
			children = (
				3E005471253FE7E5007CD83A /* ArticleTableViewCell.swift */,
			);
			path = Cells;
			sourceTree = "<group>";
		};
		3E4BE81D253EB74A00B9B103 /* Services */ = {
			isa = PBXGroup;
			children = (
				3E4BE81E253EB77A00B9B103 /* Webservice.swift */,
			);
			path = Services;
			sourceTree = "<group>";
		};
		3E4BE820253ECAF100B9B103 /* Models */ = {
			isa = PBXGroup;
			children = (
				3E4BE821253ECB1E00B9B103 /* Article.swift */,
			);
			path = Models;
			sourceTree = "<group>";
		};
		3EB7FFD8253DB80B00986DF8 = {
			isa = PBXGroup;
			children = (
				3EB7FFE3253DB80C00986DF8 /* GoodNews */,
				3EB7FFE2253DB80C00986DF8 /* Products */,
			);
			sourceTree = "<group>";
		};
		3EB7FFE2253DB80C00986DF8 /* Products */ = {
			isa = PBXGroup;
			children = (
				3EB7FFE1253DB80C00986DF8 /* GoodNews.app */,
			);
			name = Products;
			sourceTree = "<group>";
		};
		3EB7FFE3253DB80C00986DF8 /* GoodNews */ = {
			isa = PBXGroup;
			children = (
				3E005470253FE7A5007CD83A /* Cells */,
				3ED4F889253F073400B498F7 /* View Models */,
				3E4BE820253ECAF100B9B103 /* Models */,
				3E4BE81D253EB74A00B9B103 /* Services */,
				3EB7FFF8253DB87100986DF8 /* Controllers */,
				3EB7FFE4253DB80C00986DF8 /* AppDelegate.swift */,
				3EB7FFE6253DB80C00986DF8 /* SceneDelegate.swift */,
				3EB7FFEA253DB80C00986DF8 /* Main.storyboard */,
				3EB7FFED253DB80F00986DF8 /* Assets.xcassets */,
				3EB7FFEF253DB80F00986DF8 /* LaunchScreen.storyboard */,
				3EB7FFF2253DB80F00986DF8 /* Info.plist */,
			);
			path = GoodNews;
			sourceTree = "<group>";
		};
		3EB7FFF8253DB87100986DF8 /* Controllers */ = {
			isa = PBXGroup;
			children = (
				3EB7FFF9253DB8BB00986DF8 /* NewsListTableViewController.swift */,
			);
			path = Controllers;
			sourceTree = "<group>";
		};
		3ED4F889253F073400B498F7 /* View Models */ = {
			isa = PBXGroup;
			children = (
				3ED4F88A253F075C00B498F7 /* ArticleViewModel.swift */,
			);
			path = "View Models";
			sourceTree = "<group>";
		};
/* End PBXGroup section */

/* Begin PBXNativeTarget section */
		3EB7FFE0253DB80B00986DF8 /* GoodNews */ = {
			isa = PBXNativeTarget;
			buildConfigurationList = 3EB7FFF5253DB80F00986DF8 /* Build configuration list for PBXNativeTarget "GoodNews" */;
			buildPhases = (
				3EB7FFDD253DB80B00986DF8 /* Sources */,
				3EB7FFDE253DB80B00986DF8 /* Frameworks */,
				3EB7FFDF253DB80B00986DF8 /* Resources */,
			);
			buildRules = (
			);
			dependencies = (
			);
			name = GoodNews;
			productName = GoodNews;
			productReference = 3EB7FFE1253DB80C00986DF8 /* GoodNews.app */;
			productType = "com.apple.product-type.application";
		};
/* End PBXNativeTarget section */

/* Begin PBXProject section */
		3EB7FFD9253DB80B00986DF8 /* Project object */ = {
			isa = PBXProject;
			attributes = {
				LastSwiftUpdateCheck = 1160;
				LastUpgradeCheck = 1160;
				ORGANIZATIONNAME = Preety;
				TargetAttributes = {
					3EB7FFE0253DB80B00986DF8 = {
						CreatedOnToolsVersion = 11.6;
					};
				};
			};
			buildConfigurationList = 3EB7FFDC253DB80B00986DF8 /* Build configuration list for PBXProject "GoodNews" */;
			compatibilityVersion = "Xcode 9.3";
			developmentRegion = en;
			hasScannedForEncodings = 0;
			knownRegions = (
				en,
				Base,
			);
			mainGroup = 3EB7FFD8253DB80B00986DF8;
			productRefGroup = 3EB7FFE2253DB80C00986DF8 /* Products */;
			projectDirPath = "";
			projectRoot = "";
			targets = (
				3EB7FFE0253DB80B00986DF8 /* GoodNews */,
			);
		};
/* End PBXProject section */

/* Begin PBXResourcesBuildPhase section */
		3EB7FFDF253DB80B00986DF8 /* Resources */ = {
			isa = PBXResourcesBuildPhase;
			buildActionMask = 2147483647;
			files = (
				3EB7FFF1253DB80F00986DF8 /* LaunchScreen.storyboard in Resources */,
				3EB7FFEE253DB80F00986DF8 /* Assets.xcassets in Resources */,
				3EB7FFEC253DB80C00986DF8 /* Main.storyboard in Resources */,
			);
			runOnlyForDeploymentPostprocessing = 0;
		};
/* End PBXResourcesBuildPhase section */

/* Begin PBXSourcesBuildPhase section */
		3EB7FFDD253DB80B00986DF8 /* Sources */ = {
			isa = PBXSourcesBuildPhase;
			buildActionMask = 2147483647;
			files = (
				3EB7FFE5253DB80C00986DF8 /* AppDelegate.swift in Sources */,
				3EB7FFFA253DB8BB00986DF8 /* NewsListTableViewController.swift in Sources */,
				3E4BE81F253EB77A00B9B103 /* Webservice.swift in Sources */,
				3ED4F88B253F075C00B498F7 /* ArticleViewModel.swift in Sources */,
				3EB7FFE7253DB80C00986DF8 /* SceneDelegate.swift in Sources */,
				3E005472253FE7E5007CD83A /* ArticleTableViewCell.swift in Sources */,
				3E4BE822253ECB1E00B9B103 /* Article.swift in Sources */,
			);
			runOnlyForDeploymentPostprocessing = 0;
		};
/* End PBXSourcesBuildPhase section */

/* Begin PBXVariantGroup section */
		3EB7FFEA253DB80C00986DF8 /* Main.storyboard */ = {
			isa = PBXVariantGroup;
			children = (
				3EB7FFEB253DB80C00986DF8 /* Base */,
			);
			name = Main.storyboard;
			sourceTree = "<group>";
		};
		3EB7FFEF253DB80F00986DF8 /* LaunchScreen.storyboard */ = {
			isa = PBXVariantGroup;
			children = (
				3EB7FFF0253DB80F00986DF8 /* Base */,
			);
			name = LaunchScreen.storyboard;
			sourceTree = "<group>";
		};
/* End PBXVariantGroup section */

/* Begin XCBuildConfiguration section */
		3EB7FFF3253DB80F00986DF8 /* Debug */ = {
			isa = XCBuildConfiguration;
			buildSettings = {
				ALWAYS_SEARCH_USER_PATHS = NO;
				CLANG_ANALYZER_NONNULL = YES;
				CLANG_ANALYZER_NUMBER_OBJECT_CONVERSION = YES_AGGRESSIVE;
				CLANG_CXX_LANGUAGE_STANDARD = "gnu++14";
				CLANG_CXX_LIBRARY = "libc++";
				CLANG_ENABLE_MODULES = YES;
				CLANG_ENABLE_OBJC_ARC = YES;
				CLANG_ENABLE_OBJC_WEAK = YES;
				CLANG_WARN_BLOCK_CAPTURE_AUTORELEASING = YES;
				CLANG_WARN_BOOL_CONVERSION = YES;
				CLANG_WARN_COMMA = YES;
				CLANG_WARN_CONSTANT_CONVERSION = YES;
				CLANG_WARN_DEPRECATED_OBJC_IMPLEMENTATIONS = YES;
				CLANG_WARN_DIRECT_OBJC_ISA_USAGE = YES_ERROR;
				CLANG_WARN_DOCUMENTATION_COMMENTS = YES;
				CLANG_WARN_EMPTY_BODY = YES;
				CLANG_WARN_ENUM_CONVERSION = YES;
				CLANG_WARN_INFINITE_RECURSION = YES;
				CLANG_WARN_INT_CONVERSION = YES;
				CLANG_WARN_NON_LITERAL_NULL_CONVERSION = YES;
				CLANG_WARN_OBJC_IMPLICIT_RETAIN_SELF = YES;
				CLANG_WARN_OBJC_LITERAL_CONVERSION = YES;
				CLANG_WARN_OBJC_ROOT_CLASS = YES_ERROR;
				CLANG_WARN_RANGE_LOOP_ANALYSIS = YES;
				CLANG_WARN_STRICT_PROTOTYPES = YES;
				CLANG_WARN_SUSPICIOUS_MOVE = YES;
				CLANG_WARN_UNGUARDED_AVAILABILITY = YES_AGGRESSIVE;
				CLANG_WARN_UNREACHABLE_CODE = YES;
				CLANG_WARN__DUPLICATE_METHOD_MATCH = YES;
				COPY_PHASE_STRIP = NO;
				DEBUG_INFORMATION_FORMAT = dwarf;
				ENABLE_STRICT_OBJC_MSGSEND = YES;
				ENABLE_TESTABILITY = YES;
				GCC_C_LANGUAGE_STANDARD = gnu11;
				GCC_DYNAMIC_NO_PIC = NO;
				GCC_NO_COMMON_BLOCKS = YES;
				GCC_OPTIMIZATION_LEVEL = 0;
				GCC_PREPROCESSOR_DEFINITIONS = (
					"DEBUG=1",
					"$(inherited)",
				);
				GCC_WARN_64_TO_32_BIT_CONVERSION = YES;
				GCC_WARN_ABOUT_RETURN_TYPE = YES_ERROR;
				GCC_WARN_UNDECLARED_SELECTOR = YES;
				GCC_WARN_UNINITIALIZED_AUTOS = YES_AGGRESSIVE;
				GCC_WARN_UNUSED_FUNCTION = YES;
				GCC_WARN_UNUSED_VARIABLE = YES;
				IPHONEOS_DEPLOYMENT_TARGET = 13.6;
				MTL_ENABLE_DEBUG_INFO = INCLUDE_SOURCE;
				MTL_FAST_MATH = YES;
				ONLY_ACTIVE_ARCH = YES;
				SDKROOT = iphoneos;
				SWIFT_ACTIVE_COMPILATION_CONDITIONS = DEBUG;
				SWIFT_OPTIMIZATION_LEVEL = "-Onone";
			};
			name = Debug;
		};
		3EB7FFF4253DB80F00986DF8 /* Release */ = {
			isa = XCBuildConfiguration;
			buildSettings = {
				ALWAYS_SEARCH_USER_PATHS = NO;
				CLANG_ANALYZER_NONNULL = YES;
				CLANG_ANALYZER_NUMBER_OBJECT_CONVERSION = YES_AGGRESSIVE;
				CLANG_CXX_LANGUAGE_STANDARD = "gnu++14";
				CLANG_CXX_LIBRARY = "libc++";
				CLANG_ENABLE_MODULES = YES;
				CLANG_ENABLE_OBJC_ARC = YES;
				CLANG_ENABLE_OBJC_WEAK = YES;
				CLANG_WARN_BLOCK_CAPTURE_AUTORELEASING = YES;
				CLANG_WARN_BOOL_CONVERSION = YES;
				CLANG_WARN_COMMA = YES;
				CLANG_WARN_CONSTANT_CONVERSION = YES;
				CLANG_WARN_DEPRECATED_OBJC_IMPLEMENTATIONS = YES;
				CLANG_WARN_DIRECT_OBJC_ISA_USAGE = YES_ERROR;
				CLANG_WARN_DOCUMENTATION_COMMENTS = YES;
				CLANG_WARN_EMPTY_BODY = YES;
				CLANG_WARN_ENUM_CONVERSION = YES;
				CLANG_WARN_INFINITE_RECURSION = YES;
				CLANG_WARN_INT_CONVERSION = YES;
				CLANG_WARN_NON_LITERAL_NULL_CONVERSION = YES;
				CLANG_WARN_OBJC_IMPLICIT_RETAIN_SELF = YES;
				CLANG_WARN_OBJC_LITERAL_CONVERSION = YES;
				CLANG_WARN_OBJC_ROOT_CLASS = YES_ERROR;
				CLANG_WARN_RANGE_LOOP_ANALYSIS = YES;
				CLANG_WARN_STRICT_PROTOTYPES = YES;
				CLANG_WARN_SUSPICIOUS_MOVE = YES;
				CLANG_WARN_UNGUARDED_AVAILABILITY = YES_AGGRESSIVE;
				CLANG_WARN_UNREACHABLE_CODE = YES;
				CLANG_WARN__DUPLICATE_METHOD_MATCH = YES;
				COPY_PHASE_STRIP = NO;
				DEBUG_INFORMATION_FORMAT = "dwarf-with-dsym";
				ENABLE_NS_ASSERTIONS = NO;
				ENABLE_STRICT_OBJC_MSGSEND = YES;
				GCC_C_LANGUAGE_STANDARD = gnu11;
				GCC_NO_COMMON_BLOCKS = YES;
				GCC_WARN_64_TO_32_BIT_CONVERSION = YES;
				GCC_WARN_ABOUT_RETURN_TYPE = YES_ERROR;
				GCC_WARN_UNDECLARED_SELECTOR = YES;
				GCC_WARN_UNINITIALIZED_AUTOS = YES_AGGRESSIVE;
				GCC_WARN_UNUSED_FUNCTION = YES;
				GCC_WARN_UNUSED_VARIABLE = YES;
				IPHONEOS_DEPLOYMENT_TARGET = 13.6;
				MTL_ENABLE_DEBUG_INFO = NO;
				MTL_FAST_MATH = YES;
				SDKROOT = iphoneos;
				SWIFT_COMPILATION_MODE = wholemodule;
				SWIFT_OPTIMIZATION_LEVEL = "-O";
				VALIDATE_PRODUCT = YES;
			};
			name = Release;
		};
		3EB7FFF6253DB80F00986DF8 /* Debug */ = {
			isa = XCBuildConfiguration;
			buildSettings = {
				ASSETCATALOG_COMPILER_APPICON_NAME = AppIcon;
				CODE_SIGN_STYLE = Automatic;
				DEVELOPMENT_TEAM = K2A6U5YJ8G;
				INFOPLIST_FILE = GoodNews/Info.plist;
				LD_RUNPATH_SEARCH_PATHS = (
					"$(inherited)",
					"@executable_path/Frameworks",
				);
				PRODUCT_BUNDLE_IDENTIFIER = com.preety.GoodNews;
				PRODUCT_NAME = "$(TARGET_NAME)";
				SWIFT_VERSION = 5.0;
				TARGETED_DEVICE_FAMILY = "1,2";
			};
			name = Debug;
		};
		3EB7FFF7253DB80F00986DF8 /* Release */ = {
			isa = XCBuildConfiguration;
			buildSettings = {
				ASSETCATALOG_COMPILER_APPICON_NAME = AppIcon;
				CODE_SIGN_STYLE = Automatic;
				DEVELOPMENT_TEAM = K2A6U5YJ8G;
				INFOPLIST_FILE = GoodNews/Info.plist;
				LD_RUNPATH_SEARCH_PATHS = (
					"$(inherited)",
					"@executable_path/Frameworks",
				);
				PRODUCT_BUNDLE_IDENTIFIER = com.preety.GoodNews;
				PRODUCT_NAME = "$(TARGET_NAME)";
				SWIFT_VERSION = 5.0;
				TARGETED_DEVICE_FAMILY = "1,2";
			};
			name = Release;
		};
/* End XCBuildConfiguration section */

/* Begin XCConfigurationList section */
		3EB7FFDC253DB80B00986DF8 /* Build configuration list for PBXProject "GoodNews" */ = {
			isa = XCConfigurationList;
			buildConfigurations = (
				3EB7FFF3253DB80F00986DF8 /* Debug */,
				3EB7FFF4253DB80F00986DF8 /* Release */,
			);
			defaultConfigurationIsVisible = 0;
			defaultConfigurationName = Release;
		};
		3EB7FFF5253DB80F00986DF8 /* Build configuration list for PBXNativeTarget "GoodNews" */ = {
			isa = XCConfigurationList;
			buildConfigurations = (
				3EB7FFF6253DB80F00986DF8 /* Debug */,
				3EB7FFF7253DB80F00986DF8 /* Release */,
			);
			defaultConfigurationIsVisible = 0;
			defaultConfigurationName = Release;
		};
/* End XCConfigurationList section */
	};
	rootObject = 3EB7FFD9253DB80B00986DF8 /* Project object */;
}
